<?xml version="1.0" encoding="utf-8"?>
<Project ToolsVersion="4.0" xmlns="http://schemas.microsoft.com/developer/msbuild/2003">
  <ItemGroup>
    <Filter Include="Source Files">
      <UniqueIdentifier>{4FC737F1-C7A5-4376-A066-2A32D752A2FF}</UniqueIdentifier>
      <Extensions>cpp;c;cc;cxx;c++;cppm;ixx;def;odl;idl;hpj;bat;asm;asmx</Extensions>
    </Filter>
    <Filter Include="Header Files">
      <UniqueIdentifier>{93995380-89BD-4b04-88EB-625FBE52EBFB}</UniqueIdentifier>
      <Extensions>h;hh;hpp;hxx;h++;hm;inl;inc;ipp;xsd</Extensions>
    </Filter>
    <Filter Include="Resource Files">
      <UniqueIdentifier>{67DA6AB6-F800-4c08-8B7A-83BB121AAD01}</UniqueIdentifier>
      <Extensions>rc;ico;cur;bmp;dlg;rc2;rct;bin;rgs;gif;jpg;jpeg;jpe;resx;tiff;tif;png;wav;mfcribbon-ms</Extensions>
    </Filter>
  </ItemGroup>
  <ItemGroup>
    <ClCompile Include="source code\main.cpp">
      <Filter>Source Files</Filter>
    </ClCompile>
    <ClCompile Include="source code\TilemapEditorState.cpp">
      <Filter>Source Files</Filter>
    </ClCompile>
    <ClCompile Include="source code\Tilemap.cpp">
      <Filter>Source Files</Filter>
    </ClCompile>
    <ClCompile Include="source code\TextureManager.cpp">
      <Filter>Source Files</Filter>
    </ClCompile>
    <ClCompile Include="source code\WindowManager.cpp">
      <Filter>Source Files</Filter>
    </ClCompile>
    <ClCompile Include="source code\ResizableSprite.cpp">
      <Filter>Source Files</Filter>
    </ClCompile>
    <ClCompile Include="source code\InputHandler.cpp">
      <Filter>Source Files</Filter>
    </ClCompile>
    <ClCompile Include="source code\EditorUI.cpp">
      <Filter>Source Files</Filter>
    </ClCompile>
    <ClCompile Include="source code\Button.cpp">
      <Filter>Source Files</Filter>
    </ClCompile>
    <ClCompile Include="source code\FontManager.cpp">
      <Filter>Source Files</Filter>
    </ClCompile>
    <ClCompile Include="source code\FileDialog.cpp">
      <Filter>Source Files</Filter>
    </ClCompile>
    <ClCompile Include="source code\TextInput.cpp">
      <Filter>Source Files</Filter>
    </ClCompile>
    <ClCompile Include="source code\Settings.cpp">
      <Filter>Source Files</Filter>
    </ClCompile>
    <ClCompile Include="source code\AnyResourceManager.cpp">
      <Filter>Source Files</Filter>
    </ClCompile>
    <ClCompile Include="source code\Utils.cpp">
      <Filter>Source Files</Filter>
    </ClCompile>
    <ClCompile Include="source code\CheckBox.cpp">
      <Filter>Source Files</Filter>
    </ClCompile>
    <ClCompile Include="source code\Line.cpp">
      <Filter>Source Files</Filter>
    </ClCompile>
    <ClCompile Include="source code\Tile.cpp">
      <Filter>Source Files</Filter>
    </ClCompile>
    <ClCompile Include="source code\TilesetEditor.cpp">
      <Filter>Source Files</Filter>
    </ClCompile>
    <ClCompile Include="source code\Application.cpp">
      <Filter>Source Files</Filter>
    </ClCompile>
    <ClCompile Include="source code\StateMachine.cpp">
      <Filter>Source Files</Filter>
    </ClCompile>
    <ClCompile Include="source code\State.cpp">
      <Filter>Source Files</Filter>
    </ClCompile>
    <ClCompile Include="source code\SettingsState.cpp">
      <Filter>Source Files</Filter>
    </ClCompile>
    <ClCompile Include="source code\LayeredData.cpp">
      <Filter>Source Files</Filter>
    </ClCompile>
    <ClCompile Include="source code\CustomPointEditor.cpp">
      <Filter>Source Files</Filter>
    </ClCompile>
    <ClCompile Include="source code\ViewMovementComponent.cpp">
      <Filter>Source Files</Filter>
    </ClCompile>
    <ClCompile Include="source code\GUI.cpp">
      <Filter>Source Files</Filter>
    </ClCompile>
    <ClCompile Include="source code\UIBase.cpp">
      <Filter>Source Files</Filter>
    </ClCompile>
  </ItemGroup>
  <ItemGroup>
    <ClInclude Include="source code\ResourceManager.h">
      <Filter>Header Files</Filter>
    </ClInclude>
    <ClInclude Include="source code\TilemapEditorState.h">
      <Filter>Header Files</Filter>
    </ClInclude>
    <ClInclude Include="source code\Tilemap.h">
      <Filter>Header Files</Filter>
    </ClInclude>
    <ClInclude Include="source code\TextureManager.h">
      <Filter>Header Files</Filter>
    </ClInclude>
    <ClInclude Include="source code\WindowManager.h">
      <Filter>Header Files</Filter>
    </ClInclude>
    <ClInclude Include="source code\stdafx.h">
      <Filter>Header Files</Filter>
    </ClInclude>
    <ClInclude Include="source code\ResizableSprite.h">
      <Filter>Header Files</Filter>
    </ClInclude>
    <ClInclude Include="source code\InputHandler.h">
      <Filter>Header Files</Filter>
    </ClInclude>
    <ClInclude Include="source code\EditorUI.h">
      <Filter>Header Files</Filter>
    </ClInclude>
    <ClInclude Include="source code\Button.h">
      <Filter>Header Files</Filter>
    </ClInclude>
    <ClInclude Include="source code\FontManager.h">
      <Filter>Header Files</Filter>
    </ClInclude>
    <ClInclude Include="source code\FileDialog.h">
      <Filter>Header Files</Filter>
    </ClInclude>
    <ClInclude Include="source code\Combo.h">
      <Filter>Header Files</Filter>
    </ClInclude>
    <ClInclude Include="source code\TextInput.h">
      <Filter>Header Files</Filter>
    </ClInclude>
    <ClInclude Include="source code\Settings.h">
      <Filter>Header Files</Filter>
    </ClInclude>
    <ClInclude Include="source code\AnyResourceManager.h">
      <Filter>Header Files</Filter>
    </ClInclude>
    <ClInclude Include="source code\Utils.h">
      <Filter>Header Files</Filter>
    </ClInclude>
    <ClInclude Include="source code\Checkbox.h">
      <Filter>Header Files</Filter>
    </ClInclude>
    <ClInclude Include="source code\Line.h">
      <Filter>Header Files</Filter>
    </ClInclude>
    <ClInclude Include="source code\Tile.h">
      <Filter>Header Files</Filter>
    </ClInclude>
    <ClInclude Include="source code\TilesetEditor.h">
      <Filter>Header Files</Filter>
    </ClInclude>
    <ClInclude Include="source code\Application.h">
      <Filter>Header Files</Filter>
    </ClInclude>
    <ClInclude Include="source code\StateMachine.h">
      <Filter>Header Files</Filter>
    </ClInclude>
    <ClInclude Include="source code\State.h">
      <Filter>Header Files</Filter>
    </ClInclude>
    <ClInclude Include="source code\SettingsState.h">
      <Filter>Header Files</Filter>
    </ClInclude>
    <ClInclude Include="source code\LayeredData.h">
      <Filter>Header Files</Filter>
    </ClInclude>
    <ClInclude Include="source code\CustomPointEditor.h">
      <Filter>Header Files</Filter>
    </ClInclude>
    <ClInclude Include="source code\ViewMovementComponent.h">
      <Filter>Header Files</Filter>
    </ClInclude>
    <ClInclude Include="source code\GUI.h">
      <Filter>Header Files</Filter>
    </ClInclude>
    <ClInclude Include="source code\UIBase.h">
      <Filter>Header Files</Filter>
    </ClInclude>
  </ItemGroup>
  <ItemGroup>
    <None Include="frag_shader.frag">
      <Filter>Source Files</Filter>
    </None>
    <None Include="vert_shader.vert">
      <Filter>Source Files</Filter>
    </None>
  </ItemGroup>
</Project>